
Microsoft Visual Studio Solution File, Format Version 12.00
# Visual Studio Version 16
VisualStudioVersion = 16.0.30503.244
MinimumVisualStudioVersion = 10.0.40219.1
Project("{FAE04EC0-301F-11D3-BF4B-00C04F79EFBC}") = "wi19b030_WHPruefung", "wi19b030_WHPruefung\wi19b030_WHPruefung.csproj", "{299E9B1D-DA22-4D70-935F-D38834639AEE}"
EndProject
Global
	GlobalSection(SolutionConfigurationPlatforms) = preSolution
		Debug|Any CPU = Debug|Any CPU
		Release|Any CPU = Release|Any CPU
	EndGlobalSection
	GlobalSection(ProjectConfigurationPlatforms) = postSolution
		{299E9B1D-DA22-4D70-935F-D38834639AEE}.Debug|Any CPU.ActiveCfg = Debug|Any CPU
		{299E9B1D-DA22-4D70-935F-D38834639AEE}.Debug|Any CPU.Build.0 = Debug|Any CPU
		{299E9B1D-DA22-4D70-935F-D38834639AEE}.Release|Any CPU.ActiveCfg = Release|Any CPU
		{299E9B1D-DA22-4D70-935F-D38834639AEE}.Release|Any CPU.Build.0 = Release|Any CPU
	EndGlobalSection
	GlobalSection(SolutionProperties) = preSolution
		HideSolutionNode = FALSE
	EndGlobalSection
	GlobalSection(ExtensibilityGlobals) = postSolution
		SolutionGuid = {358C3B0B-EC8C-410C-B1F3-D6AAF438BEDC}
	EndGlobalSection
EndGlobal
